
Microsoft Visual Studio Solution File, Format Version 12.00
# Visual Studio 15
VisualStudioVersion = 15.0.27130.2010
MinimumVisualStudioVersion = 10.0.40219.1
Project("{FAE04EC0-301F-11D3-BF4B-00C04F79EFBC}") = "Nester.Deploy.Android", "Nester.Deploy\Nester.Deploy.Android\Nester.Deploy.Android.csproj", "{09274107-E35E-496C-B339-1C8C8C2CE595}"
EndProject
Project("{FAE04EC0-301F-11D3-BF4B-00C04F79EFBC}") = "Nester.Deploy.iOS", "Nester.Deploy\Nester.Deploy.iOS\Nester.Deploy.iOS.csproj", "{7D5E2FED-A49D-4CCE-AC04-22443CB3B114}"
EndProject
Project("{FAE04EC0-301F-11D3-BF4B-00C04F79EFBC}") = "Nester.Deploy.UWP", "Nester.Deploy\Nester.Deploy.UWP\Nester.Deploy.UWP.csproj", "{32A4A3B0-BFAF-4756-9250-EB7D336381A0}"
EndProject
Project("{9A19103F-16F7-4668-BE54-9A1E7A4F7556}") = "Nester.Deploy", "Nester.Deploy\Nester.Deploy\Nester.Deploy.csproj", "{E6E24809-F81B-458F-AA59-4E982AA67C6B}"
EndProject
Global
	GlobalSection(SolutionConfigurationPlatforms) = preSolution
		Ad-Hoc|Any CPU = Ad-Hoc|Any CPU
		Ad-Hoc|ARM = Ad-Hoc|ARM
		Ad-Hoc|ARM64 = Ad-Hoc|ARM64
		Ad-Hoc|iPhone = Ad-Hoc|iPhone
		Ad-Hoc|iPhoneSimulator = Ad-Hoc|iPhoneSimulator
		Ad-Hoc|x64 = Ad-Hoc|x64
		Ad-Hoc|x86 = Ad-Hoc|x86
		AppStore|Any CPU = AppStore|Any CPU
		AppStore|ARM = AppStore|ARM
		AppStore|ARM64 = AppStore|ARM64
		AppStore|iPhone = AppStore|iPhone
		AppStore|iPhoneSimulator = AppStore|iPhoneSimulator
		AppStore|x64 = AppStore|x64
		AppStore|x86 = AppStore|x86
		Debug|Any CPU = Debug|Any CPU
		Debug|ARM = Debug|ARM
		Debug|ARM64 = Debug|ARM64
		Debug|iPhone = Debug|iPhone
		Debug|iPhoneSimulator = Debug|iPhoneSimulator
		Debug|x64 = Debug|x64
		Debug|x86 = Debug|x86
		Release|Any CPU = Release|Any CPU
		Release|ARM = Release|ARM
		Release|ARM64 = Release|ARM64
		Release|iPhone = Release|iPhone
		Release|iPhoneSimulator = Release|iPhoneSimulator
		Release|x64 = Release|x64
		Release|x86 = Release|x86
	EndGlobalSection
	GlobalSection(ProjectConfigurationPlatforms) = postSolution
		{09274107-E35E-496C-B339-1C8C8C2CE595}.Ad-Hoc|Any CPU.ActiveCfg = Release|Any CPU
		{09274107-E35E-496C-B339-1C8C8C2CE595}.Ad-Hoc|Any CPU.Build.0 = Release|Any CPU
		{09274107-E35E-496C-B339-1C8C8C2CE595}.Ad-Hoc|Any CPU.Deploy.0 = Release|Any CPU
		{09274107-E35E-496C-B339-1C8C8C2CE595}.Ad-Hoc|ARM.ActiveCfg = Release|Any CPU
		{09274107-E35E-496C-B339-1C8C8C2CE595}.Ad-Hoc|ARM.Build.0 = Release|Any CPU
		{09274107-E35E-496C-B339-1C8C8C2CE595}.Ad-Hoc|ARM.Deploy.0 = Release|Any CPU
		{09274107-E35E-496C-B339-1C8C8C2CE595}.Ad-Hoc|ARM64.ActiveCfg = Debug|Any CPU
		{09274107-E35E-496C-B339-1C8C8C2CE595}.Ad-Hoc|ARM64.Build.0 = Debug|Any CPU
		{09274107-E35E-496C-B339-1C8C8C2CE595}.Ad-Hoc|ARM64.Deploy.0 = Debug|Any CPU
		{09274107-E35E-496C-B339-1C8C8C2CE595}.Ad-Hoc|iPhone.ActiveCfg = Release|Any CPU
		{09274107-E35E-496C-B339-1C8C8C2CE595}.Ad-Hoc|iPhone.Build.0 = Release|Any CPU
		{09274107-E35E-496C-B339-1C8C8C2CE595}.Ad-Hoc|iPhone.Deploy.0 = Release|Any CPU
		{09274107-E35E-496C-B339-1C8C8C2CE595}.Ad-Hoc|iPhoneSimulator.ActiveCfg = Release|Any CPU
		{09274107-E35E-496C-B339-1C8C8C2CE595}.Ad-Hoc|iPhoneSimulator.Build.0 = Release|Any CPU
		{09274107-E35E-496C-B339-1C8C8C2CE595}.Ad-Hoc|iPhoneSimulator.Deploy.0 = Release|Any CPU
		{09274107-E35E-496C-B339-1C8C8C2CE595}.Ad-Hoc|x64.ActiveCfg = Release|Any CPU
		{09274107-E35E-496C-B339-1C8C8C2CE595}.Ad-Hoc|x64.Build.0 = Release|Any CPU
		{09274107-E35E-496C-B339-1C8C8C2CE595}.Ad-Hoc|x64.Deploy.0 = Release|Any CPU
		{09274107-E35E-496C-B339-1C8C8C2CE595}.Ad-Hoc|x86.ActiveCfg = Release|Any CPU
		{09274107-E35E-496C-B339-1C8C8C2CE595}.Ad-Hoc|x86.Build.0 = Release|Any CPU
		{09274107-E35E-496C-B339-1C8C8C2CE595}.Ad-Hoc|x86.Deploy.0 = Release|Any CPU
		{09274107-E35E-496C-B339-1C8C8C2CE595}.AppStore|Any CPU.ActiveCfg = Release|Any CPU
		{09274107-E35E-496C-B339-1C8C8C2CE595}.AppStore|Any CPU.Build.0 = Release|Any CPU
		{09274107-E35E-496C-B339-1C8C8C2CE595}.AppStore|Any CPU.Deploy.0 = Release|Any CPU
		{09274107-E35E-496C-B339-1C8C8C2CE595}.AppStore|ARM.ActiveCfg = Release|Any CPU
		{09274107-E35E-496C-B339-1C8C8C2CE595}.AppStore|ARM.Build.0 = Release|Any CPU
		{09274107-E35E-496C-B339-1C8C8C2CE595}.AppStore|ARM.Deploy.0 = Release|Any CPU
		{09274107-E35E-496C-B339-1C8C8C2CE595}.AppStore|ARM64.ActiveCfg = Debug|Any CPU
		{09274107-E35E-496C-B339-1C8C8C2CE595}.AppStore|ARM64.Build.0 = Debug|Any CPU
		{09274107-E35E-496C-B339-1C8C8C2CE595}.AppStore|ARM64.Deploy.0 = Debug|Any CPU
		{09274107-E35E-496C-B339-1C8C8C2CE595}.AppStore|iPhone.ActiveCfg = Release|Any CPU
		{09274107-E35E-496C-B339-1C8C8C2CE595}.AppStore|iPhone.Build.0 = Release|Any CPU
		{09274107-E35E-496C-B339-1C8C8C2CE595}.AppStore|iPhone.Deploy.0 = Release|Any CPU
		{09274107-E35E-496C-B339-1C8C8C2CE595}.AppStore|iPhoneSimulator.ActiveCfg = Release|Any CPU
		{09274107-E35E-496C-B339-1C8C8C2CE595}.AppStore|iPhoneSimulator.Build.0 = Release|Any CPU
		{09274107-E35E-496C-B339-1C8C8C2CE595}.AppStore|iPhoneSimulator.Deploy.0 = Release|Any CPU
		{09274107-E35E-496C-B339-1C8C8C2CE595}.AppStore|x64.ActiveCfg = Release|Any CPU
		{09274107-E35E-496C-B339-1C8C8C2CE595}.AppStore|x64.Build.0 = Release|Any CPU
		{09274107-E35E-496C-B339-1C8C8C2CE595}.AppStore|x64.Deploy.0 = Release|Any CPU
		{09274107-E35E-496C-B339-1C8C8C2CE595}.AppStore|x86.ActiveCfg = Release|Any CPU
		{09274107-E35E-496C-B339-1C8C8C2CE595}.AppStore|x86.Build.0 = Release|Any CPU
		{09274107-E35E-496C-B339-1C8C8C2CE595}.AppStore|x86.Deploy.0 = Release|Any CPU
		{09274107-E35E-496C-B339-1C8C8C2CE595}.Debug|Any CPU.ActiveCfg = Debug|Any CPU
		{09274107-E35E-496C-B339-1C8C8C2CE595}.Debug|Any CPU.Build.0 = Debug|Any CPU
		{09274107-E35E-496C-B339-1C8C8C2CE595}.Debug|Any CPU.Deploy.0 = Debug|Any CPU
		{09274107-E35E-496C-B339-1C8C8C2CE595}.Debug|ARM.ActiveCfg = Debug|Any CPU
		{09274107-E35E-496C-B339-1C8C8C2CE595}.Debug|ARM.Build.0 = Debug|Any CPU
		{09274107-E35E-496C-B339-1C8C8C2CE595}.Debug|ARM.Deploy.0 = Debug|Any CPU
		{09274107-E35E-496C-B339-1C8C8C2CE595}.Debug|ARM64.ActiveCfg = Debug|Any CPU
		{09274107-E35E-496C-B339-1C8C8C2CE595}.Debug|ARM64.Build.0 = Debug|Any CPU
		{09274107-E35E-496C-B339-1C8C8C2CE595}.Debug|ARM64.Deploy.0 = Debug|Any CPU
		{09274107-E35E-496C-B339-1C8C8C2CE595}.Debug|iPhone.ActiveCfg = Debug|Any CPU
		{09274107-E35E-496C-B339-1C8C8C2CE595}.Debug|iPhone.Build.0 = Debug|Any CPU
		{09274107-E35E-496C-B339-1C8C8C2CE595}.Debug|iPhone.Deploy.0 = Debug|Any CPU
		{09274107-E35E-496C-B339-1C8C8C2CE595}.Debug|iPhoneSimulator.ActiveCfg = Debug|Any CPU
		{09274107-E35E-496C-B339-1C8C8C2CE595}.Debug|iPhoneSimulator.Build.0 = Debug|Any CPU
		{09274107-E35E-496C-B339-1C8C8C2CE595}.Debug|iPhoneSimulator.Deploy.0 = Debug|Any CPU
		{09274107-E35E-496C-B339-1C8C8C2CE595}.Debug|x64.ActiveCfg = Debug|Any CPU
		{09274107-E35E-496C-B339-1C8C8C2CE595}.Debug|x64.Build.0 = Debug|Any CPU
		{09274107-E35E-496C-B339-1C8C8C2CE595}.Debug|x64.Deploy.0 = Debug|Any CPU
		{09274107-E35E-496C-B339-1C8C8C2CE595}.Debug|x86.ActiveCfg = Debug|Any CPU
		{09274107-E35E-496C-B339-1C8C8C2CE595}.Debug|x86.Build.0 = Debug|Any CPU
		{09274107-E35E-496C-B339-1C8C8C2CE595}.Debug|x86.Deploy.0 = Debug|Any CPU
		{09274107-E35E-496C-B339-1C8C8C2CE595}.Release|Any CPU.ActiveCfg = Release|Any CPU
		{09274107-E35E-496C-B339-1C8C8C2CE595}.Release|Any CPU.Build.0 = Release|Any CPU
		{09274107-E35E-496C-B339-1C8C8C2CE595}.Release|Any CPU.Deploy.0 = Release|Any CPU
		{09274107-E35E-496C-B339-1C8C8C2CE595}.Release|ARM.ActiveCfg = Release|Any CPU
		{09274107-E35E-496C-B339-1C8C8C2CE595}.Release|ARM.Build.0 = Release|Any CPU
		{09274107-E35E-496C-B339-1C8C8C2CE595}.Release|ARM.Deploy.0 = Release|Any CPU
		{09274107-E35E-496C-B339-1C8C8C2CE595}.Release|ARM64.ActiveCfg = Release|Any CPU
		{09274107-E35E-496C-B339-1C8C8C2CE595}.Release|ARM64.Build.0 = Release|Any CPU
		{09274107-E35E-496C-B339-1C8C8C2CE595}.Release|ARM64.Deploy.0 = Release|Any CPU
		{09274107-E35E-496C-B339-1C8C8C2CE595}.Release|iPhone.ActiveCfg = Release|Any CPU
		{09274107-E35E-496C-B339-1C8C8C2CE595}.Release|iPhone.Build.0 = Release|Any CPU
		{09274107-E35E-496C-B339-1C8C8C2CE595}.Release|iPhone.Deploy.0 = Release|Any CPU
		{09274107-E35E-496C-B339-1C8C8C2CE595}.Release|iPhoneSimulator.ActiveCfg = Release|Any CPU
		{09274107-E35E-496C-B339-1C8C8C2CE595}.Release|iPhoneSimulator.Build.0 = Release|Any CPU
		{09274107-E35E-496C-B339-1C8C8C2CE595}.Release|iPhoneSimulator.Deploy.0 = Release|Any CPU
		{09274107-E35E-496C-B339-1C8C8C2CE595}.Release|x64.ActiveCfg = Release|Any CPU
		{09274107-E35E-496C-B339-1C8C8C2CE595}.Release|x64.Build.0 = Release|Any CPU
		{09274107-E35E-496C-B339-1C8C8C2CE595}.Release|x64.Deploy.0 = Release|Any CPU
		{09274107-E35E-496C-B339-1C8C8C2CE595}.Release|x86.ActiveCfg = Release|Any CPU
		{09274107-E35E-496C-B339-1C8C8C2CE595}.Release|x86.Build.0 = Release|Any CPU
		{09274107-E35E-496C-B339-1C8C8C2CE595}.Release|x86.Deploy.0 = Release|Any CPU
		{7D5E2FED-A49D-4CCE-AC04-22443CB3B114}.Ad-Hoc|Any CPU.ActiveCfg = Ad-Hoc|iPhone
		{7D5E2FED-A49D-4CCE-AC04-22443CB3B114}.Ad-Hoc|ARM.ActiveCfg = Ad-Hoc|iPhone
		{7D5E2FED-A49D-4CCE-AC04-22443CB3B114}.Ad-Hoc|ARM64.ActiveCfg = Ad-Hoc|iPhoneSimulator
		{7D5E2FED-A49D-4CCE-AC04-22443CB3B114}.Ad-Hoc|iPhone.ActiveCfg = Ad-Hoc|iPhone
		{7D5E2FED-A49D-4CCE-AC04-22443CB3B114}.Ad-Hoc|iPhone.Build.0 = Ad-Hoc|iPhone
		{7D5E2FED-A49D-4CCE-AC04-22443CB3B114}.Ad-Hoc|iPhoneSimulator.ActiveCfg = Ad-Hoc|iPhoneSimulator
		{7D5E2FED-A49D-4CCE-AC04-22443CB3B114}.Ad-Hoc|iPhoneSimulator.Build.0 = Ad-Hoc|iPhoneSimulator
		{7D5E2FED-A49D-4CCE-AC04-22443CB3B114}.Ad-Hoc|x64.ActiveCfg = Ad-Hoc|iPhone
		{7D5E2FED-A49D-4CCE-AC04-22443CB3B114}.Ad-Hoc|x86.ActiveCfg = Ad-Hoc|iPhone
		{7D5E2FED-A49D-4CCE-AC04-22443CB3B114}.AppStore|Any CPU.ActiveCfg = AppStore|iPhone
		{7D5E2FED-A49D-4CCE-AC04-22443CB3B114}.AppStore|ARM.ActiveCfg = AppStore|iPhone
		{7D5E2FED-A49D-4CCE-AC04-22443CB3B114}.AppStore|ARM64.ActiveCfg = AppStore|iPhoneSimulator
		{7D5E2FED-A49D-4CCE-AC04-22443CB3B114}.AppStore|iPhone.ActiveCfg = AppStore|iPhone
		{7D5E2FED-A49D-4CCE-AC04-22443CB3B114}.AppStore|iPhone.Build.0 = AppStore|iPhone
		{7D5E2FED-A49D-4CCE-AC04-22443CB3B114}.AppStore|iPhoneSimulator.ActiveCfg = AppStore|iPhoneSimulator
		{7D5E2FED-A49D-4CCE-AC04-22443CB3B114}.AppStore|iPhoneSimulator.Build.0 = AppStore|iPhoneSimulator
		{7D5E2FED-A49D-4CCE-AC04-22443CB3B114}.AppStore|x64.ActiveCfg = AppStore|iPhone
		{7D5E2FED-A49D-4CCE-AC04-22443CB3B114}.AppStore|x86.ActiveCfg = AppStore|iPhone
		{7D5E2FED-A49D-4CCE-AC04-22443CB3B114}.Debug|Any CPU.ActiveCfg = Debug|iPhone
		{7D5E2FED-A49D-4CCE-AC04-22443CB3B114}.Debug|ARM.ActiveCfg = Debug|iPhone
		{7D5E2FED-A49D-4CCE-AC04-22443CB3B114}.Debug|ARM64.ActiveCfg = Debug|iPhoneSimulator
		{7D5E2FED-A49D-4CCE-AC04-22443CB3B114}.Debug|iPhone.ActiveCfg = Debug|iPhone
		{7D5E2FED-A49D-4CCE-AC04-22443CB3B114}.Debug|iPhone.Build.0 = Debug|iPhone
		{7D5E2FED-A49D-4CCE-AC04-22443CB3B114}.Debug|iPhoneSimulator.ActiveCfg = Debug|iPhoneSimulator
		{7D5E2FED-A49D-4CCE-AC04-22443CB3B114}.Debug|iPhoneSimulator.Build.0 = Debug|iPhoneSimulator
		{7D5E2FED-A49D-4CCE-AC04-22443CB3B114}.Debug|x64.ActiveCfg = Debug|iPhone
		{7D5E2FED-A49D-4CCE-AC04-22443CB3B114}.Debug|x86.ActiveCfg = Debug|iPhone
		{7D5E2FED-A49D-4CCE-AC04-22443CB3B114}.Release|Any CPU.ActiveCfg = Release|iPhone
		{7D5E2FED-A49D-4CCE-AC04-22443CB3B114}.Release|ARM.ActiveCfg = Release|iPhone
		{7D5E2FED-A49D-4CCE-AC04-22443CB3B114}.Release|ARM64.ActiveCfg = Release|iPhoneSimulator
		{7D5E2FED-A49D-4CCE-AC04-22443CB3B114}.Release|iPhone.ActiveCfg = Release|iPhone
		{7D5E2FED-A49D-4CCE-AC04-22443CB3B114}.Release|iPhone.Build.0 = Release|iPhone
		{7D5E2FED-A49D-4CCE-AC04-22443CB3B114}.Release|iPhoneSimulator.ActiveCfg = Release|iPhoneSimulator
		{7D5E2FED-A49D-4CCE-AC04-22443CB3B114}.Release|iPhoneSimulator.Build.0 = Release|iPhoneSimulator
		{7D5E2FED-A49D-4CCE-AC04-22443CB3B114}.Release|x64.ActiveCfg = Release|iPhone
		{7D5E2FED-A49D-4CCE-AC04-22443CB3B114}.Release|x86.ActiveCfg = Release|iPhone
		{32A4A3B0-BFAF-4756-9250-EB7D336381A0}.Ad-Hoc|Any CPU.ActiveCfg = Release|x86
		{32A4A3B0-BFAF-4756-9250-EB7D336381A0}.Ad-Hoc|Any CPU.Build.0 = Release|x86
		{32A4A3B0-BFAF-4756-9250-EB7D336381A0}.Ad-Hoc|Any CPU.Deploy.0 = Release|x86
		{32A4A3B0-BFAF-4756-9250-EB7D336381A0}.Ad-Hoc|ARM.ActiveCfg = Release|ARM
		{32A4A3B0-BFAF-4756-9250-EB7D336381A0}.Ad-Hoc|ARM.Build.0 = Release|ARM
		{32A4A3B0-BFAF-4756-9250-EB7D336381A0}.Ad-Hoc|ARM.Deploy.0 = Release|ARM
		{32A4A3B0-BFAF-4756-9250-EB7D336381A0}.Ad-Hoc|ARM64.ActiveCfg = Debug|x86
		{32A4A3B0-BFAF-4756-9250-EB7D336381A0}.Ad-Hoc|ARM64.Build.0 = Debug|x86
		{32A4A3B0-BFAF-4756-9250-EB7D336381A0}.Ad-Hoc|ARM64.Deploy.0 = Debug|x86
		{32A4A3B0-BFAF-4756-9250-EB7D336381A0}.Ad-Hoc|iPhone.ActiveCfg = Release|x86
		{32A4A3B0-BFAF-4756-9250-EB7D336381A0}.Ad-Hoc|iPhone.Build.0 = Release|x86
		{32A4A3B0-BFAF-4756-9250-EB7D336381A0}.Ad-Hoc|iPhone.Deploy.0 = Release|x86
		{32A4A3B0-BFAF-4756-9250-EB7D336381A0}.Ad-Hoc|iPhoneSimulator.ActiveCfg = Release|x86
		{32A4A3B0-BFAF-4756-9250-EB7D336381A0}.Ad-Hoc|iPhoneSimulator.Build.0 = Release|x86
		{32A4A3B0-BFAF-4756-9250-EB7D336381A0}.Ad-Hoc|iPhoneSimulator.Deploy.0 = Release|x86
		{32A4A3B0-BFAF-4756-9250-EB7D336381A0}.Ad-Hoc|x64.ActiveCfg = Release|x64
		{32A4A3B0-BFAF-4756-9250-EB7D336381A0}.Ad-Hoc|x64.Build.0 = Release|x64
		{32A4A3B0-BFAF-4756-9250-EB7D336381A0}.Ad-Hoc|x64.Deploy.0 = Release|x64
		{32A4A3B0-BFAF-4756-9250-EB7D336381A0}.Ad-Hoc|x86.ActiveCfg = Release|x86
		{32A4A3B0-BFAF-4756-9250-EB7D336381A0}.Ad-Hoc|x86.Build.0 = Release|x86
		{32A4A3B0-BFAF-4756-9250-EB7D336381A0}.Ad-Hoc|x86.Deploy.0 = Release|x86
		{32A4A3B0-BFAF-4756-9250-EB7D336381A0}.AppStore|Any CPU.ActiveCfg = Release|x86
		{32A4A3B0-BFAF-4756-9250-EB7D336381A0}.AppStore|Any CPU.Build.0 = Release|x86
		{32A4A3B0-BFAF-4756-9250-EB7D336381A0}.AppStore|Any CPU.Deploy.0 = Release|x86
		{32A4A3B0-BFAF-4756-9250-EB7D336381A0}.AppStore|ARM.ActiveCfg = Release|ARM
		{32A4A3B0-BFAF-4756-9250-EB7D336381A0}.AppStore|ARM.Build.0 = Release|ARM
		{32A4A3B0-BFAF-4756-9250-EB7D336381A0}.AppStore|ARM.Deploy.0 = Release|ARM
		{32A4A3B0-BFAF-4756-9250-EB7D336381A0}.AppStore|ARM64.ActiveCfg = Debug|x86
		{32A4A3B0-BFAF-4756-9250-EB7D336381A0}.AppStore|ARM64.Build.0 = Debug|x86
		{32A4A3B0-BFAF-4756-9250-EB7D336381A0}.AppStore|ARM64.Deploy.0 = Debug|x86
		{32A4A3B0-BFAF-4756-9250-EB7D336381A0}.AppStore|iPhone.ActiveCfg = Release|x86
		{32A4A3B0-BFAF-4756-9250-EB7D336381A0}.AppStore|iPhone.Build.0 = Release|x86
		{32A4A3B0-BFAF-4756-9250-EB7D336381A0}.AppStore|iPhone.Deploy.0 = Release|x86
		{32A4A3B0-BFAF-4756-9250-EB7D336381A0}.AppStore|iPhoneSimulator.ActiveCfg = Release|x86
		{32A4A3B0-BFAF-4756-9250-EB7D336381A0}.AppStore|iPhoneSimulator.Build.0 = Release|x86
		{32A4A3B0-BFAF-4756-9250-EB7D336381A0}.AppStore|iPhoneSimulator.Deploy.0 = Release|x86
		{32A4A3B0-BFAF-4756-9250-EB7D336381A0}.AppStore|x64.ActiveCfg = Release|x64
		{32A4A3B0-BFAF-4756-9250-EB7D336381A0}.AppStore|x64.Build.0 = Release|x64
		{32A4A3B0-BFAF-4756-9250-EB7D336381A0}.AppStore|x64.Deploy.0 = Release|x64
		{32A4A3B0-BFAF-4756-9250-EB7D336381A0}.AppStore|x86.ActiveCfg = Release|x86
		{32A4A3B0-BFAF-4756-9250-EB7D336381A0}.AppStore|x86.Build.0 = Release|x86
		{32A4A3B0-BFAF-4756-9250-EB7D336381A0}.AppStore|x86.Deploy.0 = Release|x86
		{32A4A3B0-BFAF-4756-9250-EB7D336381A0}.Debug|Any CPU.ActiveCfg = Debug|x64
		{32A4A3B0-BFAF-4756-9250-EB7D336381A0}.Debug|ARM.ActiveCfg = Debug|ARM
		{32A4A3B0-BFAF-4756-9250-EB7D336381A0}.Debug|ARM.Build.0 = Debug|ARM
		{32A4A3B0-BFAF-4756-9250-EB7D336381A0}.Debug|ARM.Deploy.0 = Debug|ARM
		{32A4A3B0-BFAF-4756-9250-EB7D336381A0}.Debug|ARM64.ActiveCfg = Debug|x64
		{32A4A3B0-BFAF-4756-9250-EB7D336381A0}.Debug|iPhone.ActiveCfg = Debug|x86
		{32A4A3B0-BFAF-4756-9250-EB7D336381A0}.Debug|iPhoneSimulator.ActiveCfg = Debug|x86
		{32A4A3B0-BFAF-4756-9250-EB7D336381A0}.Debug|x64.ActiveCfg = Debug|x64
		{32A4A3B0-BFAF-4756-9250-EB7D336381A0}.Debug|x64.Build.0 = Debug|x64
		{32A4A3B0-BFAF-4756-9250-EB7D336381A0}.Debug|x64.Deploy.0 = Debug|x64
		{32A4A3B0-BFAF-4756-9250-EB7D336381A0}.Debug|x86.ActiveCfg = Debug|x64
		{32A4A3B0-BFAF-4756-9250-EB7D336381A0}.Debug|x86.Build.0 = Debug|x64
		{32A4A3B0-BFAF-4756-9250-EB7D336381A0}.Debug|x86.Deploy.0 = Debug|x64
		{32A4A3B0-BFAF-4756-9250-EB7D336381A0}.Release|Any CPU.ActiveCfg = Release|x86
		{32A4A3B0-BFAF-4756-9250-EB7D336381A0}.Release|ARM.ActiveCfg = Release|ARM
		{32A4A3B0-BFAF-4756-9250-EB7D336381A0}.Release|ARM.Build.0 = Release|ARM
		{32A4A3B0-BFAF-4756-9250-EB7D336381A0}.Release|ARM.Deploy.0 = Release|ARM
		{32A4A3B0-BFAF-4756-9250-EB7D336381A0}.Release|ARM64.ActiveCfg = Release|x86
		{32A4A3B0-BFAF-4756-9250-EB7D336381A0}.Release|iPhone.ActiveCfg = Release|x86
		{32A4A3B0-BFAF-4756-9250-EB7D336381A0}.Release|iPhoneSimulator.ActiveCfg = Release|x86
		{32A4A3B0-BFAF-4756-9250-EB7D336381A0}.Release|x64.ActiveCfg = Release|x64
		{32A4A3B0-BFAF-4756-9250-EB7D336381A0}.Release|x64.Build.0 = Release|x64
		{32A4A3B0-BFAF-4756-9250-EB7D336381A0}.Release|x64.Deploy.0 = Release|x64
		{32A4A3B0-BFAF-4756-9250-EB7D336381A0}.Release|x86.ActiveCfg = Release|x64
		{32A4A3B0-BFAF-4756-9250-EB7D336381A0}.Release|x86.Build.0 = Release|x64
		{32A4A3B0-BFAF-4756-9250-EB7D336381A0}.Release|x86.Deploy.0 = Release|x64
		{E6E24809-F81B-458F-AA59-4E982AA67C6B}.Ad-Hoc|Any CPU.ActiveCfg = Debug|Any CPU
		{E6E24809-F81B-458F-AA59-4E982AA67C6B}.Ad-Hoc|Any CPU.Build.0 = Debug|Any CPU
		{E6E24809-F81B-458F-AA59-4E982AA67C6B}.Ad-Hoc|ARM.ActiveCfg = Debug|Any CPU
		{E6E24809-F81B-458F-AA59-4E982AA67C6B}.Ad-Hoc|ARM.Build.0 = Debug|Any CPU
		{E6E24809-F81B-458F-AA59-4E982AA67C6B}.Ad-Hoc|ARM64.ActiveCfg = Release|Any CPU
		{E6E24809-F81B-458F-AA59-4E982AA67C6B}.Ad-Hoc|ARM64.Build.0 = Release|Any CPU
		{E6E24809-F81B-458F-AA59-4E982AA67C6B}.Ad-Hoc|iPhone.ActiveCfg = Debug|Any CPU
		{E6E24809-F81B-458F-AA59-4E982AA67C6B}.Ad-Hoc|iPhone.Build.0 = Debug|Any CPU
		{E6E24809-F81B-458F-AA59-4E982AA67C6B}.Ad-Hoc|iPhoneSimulator.ActiveCfg = Debug|Any CPU
		{E6E24809-F81B-458F-AA59-4E982AA67C6B}.Ad-Hoc|iPhoneSimulator.Build.0 = Debug|Any CPU
		{E6E24809-F81B-458F-AA59-4E982AA67C6B}.Ad-Hoc|x64.ActiveCfg = Debug|Any CPU
		{E6E24809-F81B-458F-AA59-4E982AA67C6B}.Ad-Hoc|x64.Build.0 = Debug|Any CPU
		{E6E24809-F81B-458F-AA59-4E982AA67C6B}.Ad-Hoc|x86.ActiveCfg = Debug|Any CPU
		{E6E24809-F81B-458F-AA59-4E982AA67C6B}.Ad-Hoc|x86.Build.0 = Debug|Any CPU
		{E6E24809-F81B-458F-AA59-4E982AA67C6B}.AppStore|Any CPU.ActiveCfg = Debug|Any CPU
		{E6E24809-F81B-458F-AA59-4E982AA67C6B}.AppStore|Any CPU.Build.0 = Debug|Any CPU
		{E6E24809-F81B-458F-AA59-4E982AA67C6B}.AppStore|ARM.ActiveCfg = Debug|Any CPU
		{E6E24809-F81B-458F-AA59-4E982AA67C6B}.AppStore|ARM.Build.0 = Debug|Any CPU
		{E6E24809-F81B-458F-AA59-4E982AA67C6B}.AppStore|ARM64.ActiveCfg = Release|Any CPU
		{E6E24809-F81B-458F-AA59-4E982AA67C6B}.AppStore|ARM64.Build.0 = Release|Any CPU
		{E6E24809-F81B-458F-AA59-4E982AA67C6B}.AppStore|iPhone.ActiveCfg = Debug|Any CPU
		{E6E24809-F81B-458F-AA59-4E982AA67C6B}.AppStore|iPhone.Build.0 = Debug|Any CPU
		{E6E24809-F81B-458F-AA59-4E982AA67C6B}.AppStore|iPhoneSimulator.ActiveCfg = Debug|Any CPU
		{E6E24809-F81B-458F-AA59-4E982AA67C6B}.AppStore|iPhoneSimulator.Build.0 = Debug|Any CPU
		{E6E24809-F81B-458F-AA59-4E982AA67C6B}.AppStore|x64.ActiveCfg = Debug|Any CPU
		{E6E24809-F81B-458F-AA59-4E982AA67C6B}.AppStore|x64.Build.0 = Debug|Any CPU
		{E6E24809-F81B-458F-AA59-4E982AA67C6B}.AppStore|x86.ActiveCfg = Debug|Any CPU
		{E6E24809-F81B-458F-AA59-4E982AA67C6B}.AppStore|x86.Build.0 = Debug|Any CPU
		{E6E24809-F81B-458F-AA59-4E982AA67C6B}.Debug|Any CPU.ActiveCfg = Debug|Any CPU
		{E6E24809-F81B-458F-AA59-4E982AA67C6B}.Debug|Any CPU.Build.0 = Debug|Any CPU
		{E6E24809-F81B-458F-AA59-4E982AA67C6B}.Debug|ARM.ActiveCfg = Debug|Any CPU
		{E6E24809-F81B-458F-AA59-4E982AA67C6B}.Debug|ARM.Build.0 = Debug|Any CPU
		{E6E24809-F81B-458F-AA59-4E982AA67C6B}.Debug|ARM64.ActiveCfg = Debug|Any CPU
		{E6E24809-F81B-458F-AA59-4E982AA67C6B}.Debug|ARM64.Build.0 = Debug|Any CPU
		{E6E24809-F81B-458F-AA59-4E982AA67C6B}.Debug|iPhone.ActiveCfg = Debug|Any CPU
		{E6E24809-F81B-458F-AA59-4E982AA67C6B}.Debug|iPhone.Build.0 = Debug|Any CPU
		{E6E24809-F81B-458F-AA59-4E982AA67C6B}.Debug|iPhoneSimulator.ActiveCfg = Debug|Any CPU
		{E6E24809-F81B-458F-AA59-4E982AA67C6B}.Debug|iPhoneSimulator.Build.0 = Debug|Any CPU
		{E6E24809-F81B-458F-AA59-4E982AA67C6B}.Debug|x64.ActiveCfg = Debug|Any CPU
		{E6E24809-F81B-458F-AA59-4E982AA67C6B}.Debug|x64.Build.0 = Debug|Any CPU
		{E6E24809-F81B-458F-AA59-4E982AA67C6B}.Debug|x86.ActiveCfg = Debug|Any CPU
		{E6E24809-F81B-458F-AA59-4E982AA67C6B}.Debug|x86.Build.0 = Debug|Any CPU
		{E6E24809-F81B-458F-AA59-4E982AA67C6B}.Release|Any CPU.ActiveCfg = Release|Any CPU
		{E6E24809-F81B-458F-AA59-4E982AA67C6B}.Release|Any CPU.Build.0 = Release|Any CPU
		{E6E24809-F81B-458F-AA59-4E982AA67C6B}.Release|ARM.ActiveCfg = Release|Any CPU
		{E6E24809-F81B-458F-AA59-4E982AA67C6B}.Release|ARM.Build.0 = Release|Any CPU
		{E6E24809-F81B-458F-AA59-4E982AA67C6B}.Release|ARM64.ActiveCfg = Release|Any CPU
		{E6E24809-F81B-458F-AA59-4E982AA67C6B}.Release|ARM64.Build.0 = Release|Any CPU
		{E6E24809-F81B-458F-AA59-4E982AA67C6B}.Release|iPhone.ActiveCfg = Release|Any CPU
		{E6E24809-F81B-458F-AA59-4E982AA67C6B}.Release|iPhone.Build.0 = Release|Any CPU
		{E6E24809-F81B-458F-AA59-4E982AA67C6B}.Release|iPhoneSimulator.ActiveCfg = Release|Any CPU
		{E6E24809-F81B-458F-AA59-4E982AA67C6B}.Release|iPhoneSimulator.Build.0 = Release|Any CPU
		{E6E24809-F81B-458F-AA59-4E982AA67C6B}.Release|x64.ActiveCfg = Release|x64
		{E6E24809-F81B-458F-AA59-4E982AA67C6B}.Release|x64.Build.0 = Release|x64
		{E6E24809-F81B-458F-AA59-4E982AA67C6B}.Release|x86.ActiveCfg = Release|Any CPU
		{E6E24809-F81B-458F-AA59-4E982AA67C6B}.Release|x86.Build.0 = Release|Any CPU
	EndGlobalSection
	GlobalSection(SolutionProperties) = preSolution
		HideSolutionNode = FALSE
	EndGlobalSection
	GlobalSection(ExtensibilityGlobals) = postSolution
		SolutionGuid = {B0621E07-2495-4C0F-8F97-62715FD9D74F}
	EndGlobalSection
EndGlobal
